
Microsoft Visual Studio Solution File, Format Version 12.00
# Visual Studio 15
VisualStudioVersion = 15.0.26124.0
MinimumVisualStudioVersion = 15.0.26124.0
Project("{FAE04EC0-301F-11D3-BF4B-00C04F79EFBC}") = "Shouty.Core", "Shouty.Core\Shouty.Core.csproj", "{16232BFE-8AFC-426A-B7E8-18ACC2933ED0}"
EndProject
Project("{FAE04EC0-301F-11D3-BF4B-00C04F79EFBC}") = "Shouty.Core.Tests", "Shouty.Core.Tests\Shouty.Core.Tests.csproj", "{6A8943D7-76D2-49BB-8839-005BDA081C97}"
EndProject
Project("{FAE04EC0-301F-11D3-BF4B-00C04F79EFBC}") = "Shouty.Core.Specs", "Shouty.Core.Specs\Shouty.Core.Specs.csproj", "{443A96EC-A6DF-4622-AE61-C575A6D3DD4E}"
EndProject
Global
	GlobalSection(SolutionConfigurationPlatforms) = preSolution
		Debug|Any CPU = Debug|Any CPU
		Debug|x64 = Debug|x64
		Debug|x86 = Debug|x86
		Release|Any CPU = Release|Any CPU
		Release|x64 = Release|x64
		Release|x86 = Release|x86
	EndGlobalSection
	GlobalSection(SolutionProperties) = preSolution
		HideSolutionNode = FALSE
	EndGlobalSection
	GlobalSection(ProjectConfigurationPlatforms) = postSolution
		{16232BFE-8AFC-426A-B7E8-18ACC2933ED0}.Debug|Any CPU.ActiveCfg = Debug|Any CPU
		{16232BFE-8AFC-426A-B7E8-18ACC2933ED0}.Debug|Any CPU.Build.0 = Debug|Any CPU
		{16232BFE-8AFC-426A-B7E8-18ACC2933ED0}.Debug|x64.ActiveCfg = Debug|Any CPU
		{16232BFE-8AFC-426A-B7E8-18ACC2933ED0}.Debug|x64.Build.0 = Debug|Any CPU
		{16232BFE-8AFC-426A-B7E8-18ACC2933ED0}.Debug|x86.ActiveCfg = Debug|Any CPU
		{16232BFE-8AFC-426A-B7E8-18ACC2933ED0}.Debug|x86.Build.0 = Debug|Any CPU
		{16232BFE-8AFC-426A-B7E8-18ACC2933ED0}.Release|Any CPU.ActiveCfg = Release|Any CPU
		{16232BFE-8AFC-426A-B7E8-18ACC2933ED0}.Release|Any CPU.Build.0 = Release|Any CPU
		{16232BFE-8AFC-426A-B7E8-18ACC2933ED0}.Release|x64.ActiveCfg = Release|Any CPU
		{16232BFE-8AFC-426A-B7E8-18ACC2933ED0}.Release|x64.Build.0 = Release|Any CPU
		{16232BFE-8AFC-426A-B7E8-18ACC2933ED0}.Release|x86.ActiveCfg = Release|Any CPU
		{16232BFE-8AFC-426A-B7E8-18ACC2933ED0}.Release|x86.Build.0 = Release|Any CPU
		{6A8943D7-76D2-49BB-8839-005BDA081C97}.Debug|Any CPU.ActiveCfg = Debug|Any CPU
		{6A8943D7-76D2-49BB-8839-005BDA081C97}.Debug|Any CPU.Build.0 = Debug|Any CPU
		{6A8943D7-76D2-49BB-8839-005BDA081C97}.Debug|x64.ActiveCfg = Debug|Any CPU
		{6A8943D7-76D2-49BB-8839-005BDA081C97}.Debug|x64.Build.0 = Debug|Any CPU
		{6A8943D7-76D2-49BB-8839-005BDA081C97}.Debug|x86.ActiveCfg = Debug|Any CPU
		{6A8943D7-76D2-49BB-8839-005BDA081C97}.Debug|x86.Build.0 = Debug|Any CPU
		{6A8943D7-76D2-49BB-8839-005BDA081C97}.Release|Any CPU.ActiveCfg = Release|Any CPU
		{6A8943D7-76D2-49BB-8839-005BDA081C97}.Release|Any CPU.Build.0 = Release|Any CPU
		{6A8943D7-76D2-49BB-8839-005BDA081C97}.Release|x64.ActiveCfg = Release|Any CPU
		{6A8943D7-76D2-49BB-8839-005BDA081C97}.Release|x64.Build.0 = Release|Any CPU
		{6A8943D7-76D2-49BB-8839-005BDA081C97}.Release|x86.ActiveCfg = Release|Any CPU
		{6A8943D7-76D2-49BB-8839-005BDA081C97}.Release|x86.Build.0 = Release|Any CPU
		{443A96EC-A6DF-4622-AE61-C575A6D3DD4E}.Debug|Any CPU.ActiveCfg = Debug|Any CPU
		{443A96EC-A6DF-4622-AE61-C575A6D3DD4E}.Debug|Any CPU.Build.0 = Debug|Any CPU
		{443A96EC-A6DF-4622-AE61-C575A6D3DD4E}.Debug|x64.ActiveCfg = Debug|Any CPU
		{443A96EC-A6DF-4622-AE61-C575A6D3DD4E}.Debug|x64.Build.0 = Debug|Any CPU
		{443A96EC-A6DF-4622-AE61-C575A6D3DD4E}.Debug|x86.ActiveCfg = Debug|Any CPU
		{443A96EC-A6DF-4622-AE61-C575A6D3DD4E}.Debug|x86.Build.0 = Debug|Any CPU
		{443A96EC-A6DF-4622-AE61-C575A6D3DD4E}.Release|Any CPU.ActiveCfg = Release|Any CPU
		{443A96EC-A6DF-4622-AE61-C575A6D3DD4E}.Release|Any CPU.Build.0 = Release|Any CPU
		{443A96EC-A6DF-4622-AE61-C575A6D3DD4E}.Release|x64.ActiveCfg = Release|Any CPU
		{443A96EC-A6DF-4622-AE61-C575A6D3DD4E}.Release|x64.Build.0 = Release|Any CPU
		{443A96EC-A6DF-4622-AE61-C575A6D3DD4E}.Release|x86.ActiveCfg = Release|Any CPU
		{443A96EC-A6DF-4622-AE61-C575A6D3DD4E}.Release|x86.Build.0 = Release|Any CPU
	EndGlobalSection
EndGlobal
